
Microsoft Visual Studio Solution File, Format Version 12.00
# Visual Studio Version 17
VisualStudioVersion = 17.11.35312.102
MinimumVisualStudioVersion = 10.0.40219.1
Project("{9A19103F-16F7-4668-BE54-9A1E7A4F7556}") = "WebAppAsp", "WebAppAsp.csproj", "{430B495C-84FA-40E7-BE90-BEC428D24C20}"
EndProject
Global
	GlobalSection(SolutionConfigurationPlatforms) = preSolution
		Debug|Any CPU = Debug|Any CPU
		Release|Any CPU = Release|Any CPU
	EndGlobalSection
	GlobalSection(ProjectConfigurationPlatforms) = postSolution
		{430B495C-84FA-40E7-BE90-BEC428D24C20}.Debug|Any CPU.ActiveCfg = Debug|Any CPU
		{430B495C-84FA-40E7-BE90-BEC428D24C20}.Debug|Any CPU.Build.0 = Debug|Any CPU
		{430B495C-84FA-40E7-BE90-BEC428D24C20}.Release|Any CPU.ActiveCfg = Release|Any CPU
		{430B495C-84FA-40E7-BE90-BEC428D24C20}.Release|Any CPU.Build.0 = Release|Any CPU
	EndGlobalSection
	GlobalSection(SolutionProperties) = preSolution
		HideSolutionNode = FALSE
	EndGlobalSection
	GlobalSection(ExtensibilityGlobals) = postSolution
		SolutionGuid = {C8D6EBD7-A86C-437D-9CB1-5EF29E0B4AF2}
	EndGlobalSection
EndGlobal
