
Microsoft Visual Studio Solution File, Format Version 12.00
# Visual Studio Version 17
VisualStudioVersion = 17.11.35303.130
MinimumVisualStudioVersion = 10.0.40219.1
Project("{FAE04EC0-301F-11D3-BF4B-00C04F79EFBC}") = "AplicatieASP", "AplicatieASP.csproj", "{E3C7D17B-3EDD-4E80-877D-1795B6A89CFE}"
EndProject
Global
	GlobalSection(SolutionConfigurationPlatforms) = preSolution
		Debug|Any CPU = Debug|Any CPU
		Release|Any CPU = Release|Any CPU
	EndGlobalSection
	GlobalSection(ProjectConfigurationPlatforms) = postSolution
		{E3C7D17B-3EDD-4E80-877D-1795B6A89CFE}.Debug|Any CPU.ActiveCfg = Debug|Any CPU
		{E3C7D17B-3EDD-4E80-877D-1795B6A89CFE}.Debug|Any CPU.Build.0 = Debug|Any CPU
		{E3C7D17B-3EDD-4E80-877D-1795B6A89CFE}.Release|Any CPU.ActiveCfg = Release|Any CPU
		{E3C7D17B-3EDD-4E80-877D-1795B6A89CFE}.Release|Any CPU.Build.0 = Release|Any CPU
	EndGlobalSection
	GlobalSection(SolutionProperties) = preSolution
		HideSolutionNode = FALSE
	EndGlobalSection
	GlobalSection(ExtensibilityGlobals) = postSolution
		SolutionGuid = {0EBE6976-D097-4404-BF93-CA4E73CA0421}
	EndGlobalSection
EndGlobal
