
Microsoft Visual Studio Solution File, Format Version 12.00
# Visual Studio Version 17
VisualStudioVersion = 17.11.35303.130
MinimumVisualStudioVersion = 10.0.40219.1
Project("{FAE04EC0-301F-11D3-BF4B-00C04F79EFBC}") = "AplicatieASP", "AplicatieASP.csproj", "{794E5C4E-3ADC-4E07-8F76-A5DB2AB8ECED}"
EndProject
Global
	GlobalSection(SolutionConfigurationPlatforms) = preSolution
		Debug|Any CPU = Debug|Any CPU
		Release|Any CPU = Release|Any CPU
	EndGlobalSection
	GlobalSection(ProjectConfigurationPlatforms) = postSolution
		{794E5C4E-3ADC-4E07-8F76-A5DB2AB8ECED}.Debug|Any CPU.ActiveCfg = Debug|Any CPU
		{794E5C4E-3ADC-4E07-8F76-A5DB2AB8ECED}.Debug|Any CPU.Build.0 = Debug|Any CPU
		{794E5C4E-3ADC-4E07-8F76-A5DB2AB8ECED}.Release|Any CPU.ActiveCfg = Release|Any CPU
		{794E5C4E-3ADC-4E07-8F76-A5DB2AB8ECED}.Release|Any CPU.Build.0 = Release|Any CPU
	EndGlobalSection
	GlobalSection(SolutionProperties) = preSolution
		HideSolutionNode = FALSE
	EndGlobalSection
	GlobalSection(ExtensibilityGlobals) = postSolution
		SolutionGuid = {D92480FA-F2B9-4E2F-BAE5-231DB8AA21C9}
	EndGlobalSection
EndGlobal
